// !$*UTF8*$!
{
	archiveVersion = 1;
	classes = {
	};
	objectVersion = 46;
	objects = {

/* Begin PBXBuildFile section */
		5E7620891EAF44DC00A98E2F /* Download.swift in Sources */ = {isa = PBXBuildFile; fileRef = 5E7620881EAF44DC00A98E2F /* Download.swift */; };
		5E99AE6C1EADBE2800279742 /* AppDelegate.swift in Sources */ = {isa = PBXBuildFile; fileRef = 5E99AE6B1EADBE2800279742 /* AppDelegate.swift */; };
		5E99AE711EADBE2800279742 /* Main.storyboard in Resources */ = {isa = PBXBuildFile; fileRef = 5E99AE6F1EADBE2800279742 /* Main.storyboard */; };
		5E99AE731EADBE2800279742 /* Assets.xcassets in Resources */ = {isa = PBXBuildFile; fileRef = 5E99AE721EADBE2800279742 /* Assets.xcassets */; };
		5E99AE761EADBE2800279742 /* LaunchScreen.storyboard in Resources */ = {isa = PBXBuildFile; fileRef = 5E99AE741EADBE2800279742 /* LaunchScreen.storyboard */; };
		5E99AE811EADBE2900279742 /* SwiftMainDemoTests.swift in Sources */ = {isa = PBXBuildFile; fileRef = 5E99AE801EADBE2900279742 /* SwiftMainDemoTests.swift */; };
		5E99AE8C1EADBE2900279742 /* SwiftMainDemoUITests.swift in Sources */ = {isa = PBXBuildFile; fileRef = 5E99AE8B1EADBE2900279742 /* SwiftMainDemoUITests.swift */; };
		5E99AE9A1EADBF3200279742 /* BGDownloadViewController.swift in Sources */ = {isa = PBXBuildFile; fileRef = 5E99AE991EADBF3200279742 /* BGDownloadViewController.swift */; };
		5E99AEA01EADC1D400279742 /* BGDownloadTableViewCell.swift in Sources */ = {isa = PBXBuildFile; fileRef = 5E99AE9F1EADC1D400279742 /* BGDownloadTableViewCell.swift */; };
		5E99AEA41EADEFF700279742 /* Track.swift in Sources */ = {isa = PBXBuildFile; fileRef = 5E99AEA31EADEFF700279742 /* Track.swift */; };
/* End PBXBuildFile section */

/* Begin PBXContainerItemProxy section */
		5E99AE7D1EADBE2900279742 /* PBXContainerItemProxy */ = {
			isa = PBXContainerItemProxy;
			containerPortal = 5E99AE601EADBE2700279742 /* Project object */;
			proxyType = 1;
			remoteGlobalIDString = 5E99AE671EADBE2700279742;
			remoteInfo = SwiftMainDemo;
		};
		5E99AE881EADBE2900279742 /* PBXContainerItemProxy */ = {
			isa = PBXContainerItemProxy;
			containerPortal = 5E99AE601EADBE2700279742 /* Project object */;
			proxyType = 1;
			remoteGlobalIDString = 5E99AE671EADBE2700279742;
			remoteInfo = SwiftMainDemo;
		};
/* End PBXContainerItemProxy section */

/* Begin PBXFileReference section */
		5E7620881EAF44DC00A98E2F /* Download.swift */ = {isa = PBXFileReference; fileEncoding = 4; lastKnownFileType = sourcecode.swift; path = Download.swift; sourceTree = "<group>"; };
		5E99AE681EADBE2800279742 /* SwiftMainDemo.app */ = {isa = PBXFileReference; explicitFileType = wrapper.application; includeInIndex = 0; path = SwiftMainDemo.app; sourceTree = BUILT_PRODUCTS_DIR; };
		5E99AE6B1EADBE2800279742 /* AppDelegate.swift */ = {isa = PBXFileReference; lastKnownFileType = sourcecode.swift; path = AppDelegate.swift; sourceTree = "<group>"; };
		5E99AE701EADBE2800279742 /* Base */ = {isa = PBXFileReference; lastKnownFileType = file.storyboard; name = Base; path = Base.lproj/Main.storyboard; sourceTree = "<group>"; };
		5E99AE721EADBE2800279742 /* Assets.xcassets */ = {isa = PBXFileReference; lastKnownFileType = folder.assetcatalog; path = Assets.xcassets; sourceTree = "<group>"; };
		5E99AE751EADBE2800279742 /* Base */ = {isa = PBXFileReference; lastKnownFileType = file.storyboard; name = Base; path = Base.lproj/LaunchScreen.storyboard; sourceTree = "<group>"; };
		5E99AE771EADBE2800279742 /* Info.plist */ = {isa = PBXFileReference; lastKnownFileType = text.plist.xml; path = Info.plist; sourceTree = "<group>"; };
		5E99AE7C1EADBE2900279742 /* SwiftMainDemoTests.xctest */ = {isa = PBXFileReference; explicitFileType = wrapper.cfbundle; includeInIndex = 0; path = SwiftMainDemoTests.xctest; sourceTree = BUILT_PRODUCTS_DIR; };
		5E99AE801EADBE2900279742 /* SwiftMainDemoTests.swift */ = {isa = PBXFileReference; lastKnownFileType = sourcecode.swift; path = SwiftMainDemoTests.swift; sourceTree = "<group>"; };
		5E99AE821EADBE2900279742 /* Info.plist */ = {isa = PBXFileReference; lastKnownFileType = text.plist.xml; path = Info.plist; sourceTree = "<group>"; };
		5E99AE871EADBE2900279742 /* SwiftMainDemoUITests.xctest */ = {isa = PBXFileReference; explicitFileType = wrapper.cfbundle; includeInIndex = 0; path = SwiftMainDemoUITests.xctest; sourceTree = BUILT_PRODUCTS_DIR; };
		5E99AE8B1EADBE2900279742 /* SwiftMainDemoUITests.swift */ = {isa = PBXFileReference; lastKnownFileType = sourcecode.swift; path = SwiftMainDemoUITests.swift; sourceTree = "<group>"; };
		5E99AE8D1EADBE2900279742 /* Info.plist */ = {isa = PBXFileReference; lastKnownFileType = text.plist.xml; path = Info.plist; sourceTree = "<group>"; };
		5E99AE991EADBF3200279742 /* BGDownloadViewController.swift */ = {isa = PBXFileReference; fileEncoding = 4; lastKnownFileType = sourcecode.swift; path = BGDownloadViewController.swift; sourceTree = "<group>"; };
		5E99AE9F1EADC1D400279742 /* BGDownloadTableViewCell.swift */ = {isa = PBXFileReference; fileEncoding = 4; lastKnownFileType = sourcecode.swift; path = BGDownloadTableViewCell.swift; sourceTree = "<group>"; };
		5E99AEA31EADEFF700279742 /* Track.swift */ = {isa = PBXFileReference; fileEncoding = 4; lastKnownFileType = sourcecode.swift; path = Track.swift; sourceTree = "<group>"; };
/* End PBXFileReference section */

/* Begin PBXFrameworksBuildPhase section */
		5E99AE651EADBE2700279742 /* Frameworks */ = {
			isa = PBXFrameworksBuildPhase;
			buildActionMask = 2147483647;
			files = (
			);
			runOnlyForDeploymentPostprocessing = 0;
		};
		5E99AE791EADBE2900279742 /* Frameworks */ = {
			isa = PBXFrameworksBuildPhase;
			buildActionMask = 2147483647;
			files = (
			);
			runOnlyForDeploymentPostprocessing = 0;
		};
		5E99AE841EADBE2900279742 /* Frameworks */ = {
			isa = PBXFrameworksBuildPhase;
			buildActionMask = 2147483647;
			files = (
			);
			runOnlyForDeploymentPostprocessing = 0;
		};
/* End PBXFrameworksBuildPhase section */

/* Begin PBXGroup section */
		5E99AE5F1EADBE2700279742 = {
			isa = PBXGroup;
			children = (
				5E99AE6A1EADBE2800279742 /* SwiftMainDemo */,
				5E99AE7F1EADBE2900279742 /* SwiftMainDemoTests */,
				5E99AE8A1EADBE2900279742 /* SwiftMainDemoUITests */,
				5E99AE691EADBE2800279742 /* Products */,
			);
			sourceTree = "<group>";
		};
		5E99AE691EADBE2800279742 /* Products */ = {
			isa = PBXGroup;
			children = (
				5E99AE681EADBE2800279742 /* SwiftMainDemo.app */,
				5E99AE7C1EADBE2900279742 /* SwiftMainDemoTests.xctest */,
				5E99AE871EADBE2900279742 /* SwiftMainDemoUITests.xctest */,
			);
			name = Products;
			sourceTree = "<group>";
		};
		5E99AE6A1EADBE2800279742 /* SwiftMainDemo */ = {
			isa = PBXGroup;
			children = (
				5E99AE9E1EADBF8F00279742 /* Models */,
				5E99AE9D1EADBF8000279742 /* Viewcontrollers */,
				5E99AE9C1EADBF6600279742 /* Storyboards */,
				5E99AE9B1EADBF4900279742 /* Supporting Files */,
			);
			path = SwiftMainDemo;
			sourceTree = "<group>";
		};
		5E99AE7F1EADBE2900279742 /* SwiftMainDemoTests */ = {
			isa = PBXGroup;
			children = (
				5E99AE801EADBE2900279742 /* SwiftMainDemoTests.swift */,
				5E99AE821EADBE2900279742 /* Info.plist */,
			);
			path = SwiftMainDemoTests;
			sourceTree = "<group>";
		};
		5E99AE8A1EADBE2900279742 /* SwiftMainDemoUITests */ = {
			isa = PBXGroup;
			children = (
				5E99AE8B1EADBE2900279742 /* SwiftMainDemoUITests.swift */,
				5E99AE8D1EADBE2900279742 /* Info.plist */,
			);
			path = SwiftMainDemoUITests;
			sourceTree = "<group>";
		};
		5E99AE9B1EADBF4900279742 /* Supporting Files */ = {
			isa = PBXGroup;
			children = (
				5E99AE6B1EADBE2800279742 /* AppDelegate.swift */,
				5E99AE721EADBE2800279742 /* Assets.xcassets */,
				5E99AE771EADBE2800279742 /* Info.plist */,
			);
			name = "Supporting Files";
			sourceTree = "<group>";
		};
		5E99AE9C1EADBF6600279742 /* Storyboards */ = {
			isa = PBXGroup;
			children = (
				5E99AE741EADBE2800279742 /* LaunchScreen.storyboard */,
				5E99AE6F1EADBE2800279742 /* Main.storyboard */,
			);
			name = Storyboards;
			sourceTree = "<group>";
		};
		5E99AE9D1EADBF8000279742 /* Viewcontrollers */ = {
			isa = PBXGroup;
			children = (
				5E99AE991EADBF3200279742 /* BGDownloadViewController.swift */,
				5E99AE9F1EADC1D400279742 /* BGDownloadTableViewCell.swift */,
			);
			name = Viewcontrollers;
			sourceTree = "<group>";
		};
		5E99AE9E1EADBF8F00279742 /* Models */ = {
			isa = PBXGroup;
			children = (
				5E99AEA31EADEFF700279742 /* Track.swift */,
				5E7620881EAF44DC00A98E2F /* Download.swift */,
			);
			name = Models;
			sourceTree = "<group>";
		};
/* End PBXGroup section */

/* Begin PBXNativeTarget section */
		5E99AE671EADBE2700279742 /* SwiftMainDemo */ = {
			isa = PBXNativeTarget;
			buildConfigurationList = 5E99AE901EADBE2900279742 /* Build configuration list for PBXNativeTarget "SwiftMainDemo" */;
			buildPhases = (
				5E99AE641EADBE2700279742 /* Sources */,
				5E99AE651EADBE2700279742 /* Frameworks */,
				5E99AE661EADBE2700279742 /* Resources */,
			);
			buildRules = (
			);
			dependencies = (
			);
			name = SwiftMainDemo;
			productName = SwiftMainDemo;
			productReference = 5E99AE681EADBE2800279742 /* SwiftMainDemo.app */;
			productType = "com.apple.product-type.application";
		};
		5E99AE7B1EADBE2900279742 /* SwiftMainDemoTests */ = {
			isa = PBXNativeTarget;
			buildConfigurationList = 5E99AE931EADBE2900279742 /* Build configuration list for PBXNativeTarget "SwiftMainDemoTests" */;
			buildPhases = (
				5E99AE781EADBE2900279742 /* Sources */,
				5E99AE791EADBE2900279742 /* Frameworks */,
				5E99AE7A1EADBE2900279742 /* Resources */,
			);
			buildRules = (
			);
			dependencies = (
				5E99AE7E1EADBE2900279742 /* PBXTargetDependency */,
			);
			name = SwiftMainDemoTests;
			productName = SwiftMainDemoTests;
			productReference = 5E99AE7C1EADBE2900279742 /* SwiftMainDemoTests.xctest */;
			productType = "com.apple.product-type.bundle.unit-test";
		};
		5E99AE861EADBE2900279742 /* SwiftMainDemoUITests */ = {
			isa = PBXNativeTarget;
			buildConfigurationList = 5E99AE961EADBE2900279742 /* Build configuration list for PBXNativeTarget "SwiftMainDemoUITests" */;
			buildPhases = (
				5E99AE831EADBE2900279742 /* Sources */,
				5E99AE841EADBE2900279742 /* Frameworks */,
				5E99AE851EADBE2900279742 /* Resources */,
			);
			buildRules = (
			);
			dependencies = (
				5E99AE891EADBE2900279742 /* PBXTargetDependency */,
			);
			name = SwiftMainDemoUITests;
			productName = SwiftMainDemoUITests;
			productReference = 5E99AE871EADBE2900279742 /* SwiftMainDemoUITests.xctest */;
			productType = "com.apple.product-type.bundle.ui-testing";
		};
/* End PBXNativeTarget section */

/* Begin PBXProject section */
		5E99AE601EADBE2700279742 /* Project object */ = {
			isa = PBXProject;
			attributes = {
				LastSwiftUpdateCheck = 0820;
				LastUpgradeCheck = 0820;
				ORGANIZATIONNAME = Nirmalya;
				TargetAttributes = {
					5E99AE671EADBE2700279742 = {
						CreatedOnToolsVersion = 8.2.1;
						ProvisioningStyle = Automatic;
					};
					5E99AE7B1EADBE2900279742 = {
						CreatedOnToolsVersion = 8.2.1;
						ProvisioningStyle = Automatic;
						TestTargetID = 5E99AE671EADBE2700279742;
					};
					5E99AE861EADBE2900279742 = {
						CreatedOnToolsVersion = 8.2.1;
						ProvisioningStyle = Automatic;
						TestTargetID = 5E99AE671EADBE2700279742;
					};
				};
			};
			buildConfigurationList = 5E99AE631EADBE2700279742 /* Build configuration list for PBXProject "SwiftMainDemo" */;
			compatibilityVersion = "Xcode 3.2";
			developmentRegion = English;
			hasScannedForEncodings = 0;
			knownRegions = (
				en,
				Base,
			);
			mainGroup = 5E99AE5F1EADBE2700279742;
			productRefGroup = 5E99AE691EADBE2800279742 /* Products */;
			projectDirPath = "";
			projectRoot = "";
			targets = (
				5E99AE671EADBE2700279742 /* SwiftMainDemo */,
				5E99AE7B1EADBE2900279742 /* SwiftMainDemoTests */,
				5E99AE861EADBE2900279742 /* SwiftMainDemoUITests */,
			);
		};
/* End PBXProject section */

/* Begin PBXResourcesBuildPhase section */
		5E99AE661EADBE2700279742 /* Resources */ = {
			isa = PBXResourcesBuildPhase;
			buildActionMask = 2147483647;
			files = (
				5E99AE761EADBE2800279742 /* LaunchScreen.storyboard in Resources */,
				5E99AE731EADBE2800279742 /* Assets.xcassets in Resources */,
				5E99AE711EADBE2800279742 /* Main.storyboard in Resources */,
			);
			runOnlyForDeploymentPostprocessing = 0;
		};
		5E99AE7A1EADBE2900279742 /* Resources */ = {
			isa = PBXResourcesBuildPhase;
			buildActionMask = 2147483647;
			files = (
			);
			runOnlyForDeploymentPostprocessing = 0;
		};
		5E99AE851EADBE2900279742 /* Resources */ = {
			isa = PBXResourcesBuildPhase;
			buildActionMask = 2147483647;
			files = (
			);
			runOnlyForDeploymentPostprocessing = 0;
		};
/* End PBXResourcesBuildPhase section */

/* Begin PBXSourcesBuildPhase section */
		5E99AE641EADBE2700279742 /* Sources */ = {
			isa = PBXSourcesBuildPhase;
			buildActionMask = 2147483647;
			files = (
				5E99AEA01EADC1D400279742 /* BGDownloadTableViewCell.swift in Sources */,
				5E99AEA41EADEFF700279742 /* Track.swift in Sources */,
				5E99AE9A1EADBF3200279742 /* BGDownloadViewController.swift in Sources */,
				5E99AE6C1EADBE2800279742 /* AppDelegate.swift in Sources */,
				5E7620891EAF44DC00A98E2F /* Download.swift in Sources */,
			);
			runOnlyForDeploymentPostprocessing = 0;
		};
		5E99AE781EADBE2900279742 /* Sources */ = {
			isa = PBXSourcesBuildPhase;
			buildActionMask = 2147483647;
			files = (
				5E99AE811EADBE2900279742 /* SwiftMainDemoTests.swift in Sources */,
			);
			runOnlyForDeploymentPostprocessing = 0;
		};
		5E99AE831EADBE2900279742 /* Sources */ = {
			isa = PBXSourcesBuildPhase;
			buildActionMask = 2147483647;
			files = (
				5E99AE8C1EADBE2900279742 /* SwiftMainDemoUITests.swift in Sources */,
			);
			runOnlyForDeploymentPostprocessing = 0;
		};
/* End PBXSourcesBuildPhase section */

/* Begin PBXTargetDependency section */
		5E99AE7E1EADBE2900279742 /* PBXTargetDependency */ = {
			isa = PBXTargetDependency;
			target = 5E99AE671EADBE2700279742 /* SwiftMainDemo */;
			targetProxy = 5E99AE7D1EADBE2900279742 /* PBXContainerItemProxy */;
		};
		5E99AE891EADBE2900279742 /* PBXTargetDependency */ = {
			isa = PBXTargetDependency;
			target = 5E99AE671EADBE2700279742 /* SwiftMainDemo */;
			targetProxy = 5E99AE881EADBE2900279742 /* PBXContainerItemProxy */;
		};
/* End PBXTargetDependency section */

/* Begin PBXVariantGroup section */
		5E99AE6F1EADBE2800279742 /* Main.storyboard */ = {
			isa = PBXVariantGroup;
			children = (
				5E99AE701EADBE2800279742 /* Base */,
			);
			name = Main.storyboard;
			sourceTree = "<group>";
		};
		5E99AE741EADBE2800279742 /* LaunchScreen.storyboard */ = {
			isa = PBXVariantGroup;
			children = (
				5E99AE751EADBE2800279742 /* Base */,
			);
			name = LaunchScreen.storyboard;
			sourceTree = "<group>";
		};
/* End PBXVariantGroup section */

/* Begin XCBuildConfiguration section */
		5E99AE8E1EADBE2900279742 /* Debug */ = {
			isa = XCBuildConfiguration;
			buildSettings = {
				ALWAYS_SEARCH_USER_PATHS = NO;
				CLANG_ANALYZER_NONNULL = YES;
				CLANG_CXX_LANGUAGE_STANDARD = "gnu++0x";
				CLANG_CXX_LIBRARY = "libc++";
				CLANG_ENABLE_MODULES = YES;
				CLANG_ENABLE_OBJC_ARC = YES;
				CLANG_WARN_BOOL_CONVERSION = YES;
				CLANG_WARN_CONSTANT_CONVERSION = YES;
				CLANG_WARN_DIRECT_OBJC_ISA_USAGE = YES_ERROR;
				CLANG_WARN_DOCUMENTATION_COMMENTS = YES;
				CLANG_WARN_EMPTY_BODY = YES;
				CLANG_WARN_ENUM_CONVERSION = YES;
				CLANG_WARN_INFINITE_RECURSION = YES;
				CLANG_WARN_INT_CONVERSION = YES;
				CLANG_WARN_OBJC_ROOT_CLASS = YES_ERROR;
				CLANG_WARN_SUSPICIOUS_MOVE = YES;
				CLANG_WARN_UNREACHABLE_CODE = YES;
				CLANG_WARN__DUPLICATE_METHOD_MATCH = YES;
				"CODE_SIGN_IDENTITY[sdk=iphoneos*]" = "iPhone Developer";
				COPY_PHASE_STRIP = NO;
				DEBUG_INFORMATION_FORMAT = dwarf;
				ENABLE_STRICT_OBJC_MSGSEND = YES;
				ENABLE_TESTABILITY = YES;
				GCC_C_LANGUAGE_STANDARD = gnu99;
				GCC_DYNAMIC_NO_PIC = NO;
				GCC_NO_COMMON_BLOCKS = YES;
				GCC_OPTIMIZATION_LEVEL = 0;
				GCC_PREPROCESSOR_DEFINITIONS = (
					"DEBUG=1",
					"$(inherited)",
				);
				GCC_WARN_64_TO_32_BIT_CONVERSION = YES;
				GCC_WARN_ABOUT_RETURN_TYPE = YES_ERROR;
				GCC_WARN_UNDECLARED_SELECTOR = YES;
				GCC_WARN_UNINITIALIZED_AUTOS = YES_AGGRESSIVE;
				GCC_WARN_UNUSED_FUNCTION = YES;
				GCC_WARN_UNUSED_VARIABLE = YES;
				IPHONEOS_DEPLOYMENT_TARGET = 10.2;
				MTL_ENABLE_DEBUG_INFO = YES;
				ONLY_ACTIVE_ARCH = YES;
				SDKROOT = iphoneos;
				SWIFT_ACTIVE_COMPILATION_CONDITIONS = DEBUG;
				SWIFT_OPTIMIZATION_LEVEL = "-Onone";
				TARGETED_DEVICE_FAMILY = "1,2";
			};
			name = Debug;
		};
		5E99AE8F1EADBE2900279742 /* Release */ = {
			isa = XCBuildConfiguration;
			buildSettings = {
				ALWAYS_SEARCH_USER_PATHS = NO;
				CLANG_ANALYZER_NONNULL = YES;
				CLANG_CXX_LANGUAGE_STANDARD = "gnu++0x";
				CLANG_CXX_LIBRARY = "libc++";
				CLANG_ENABLE_MODULES = YES;
				CLANG_ENABLE_OBJC_ARC = YES;
				CLANG_WARN_BOOL_CONVERSION = YES;
				CLANG_WARN_CONSTANT_CONVERSION = YES;
				CLANG_WARN_DIRECT_OBJC_ISA_USAGE = YES_ERROR;
				CLANG_WARN_DOCUMENTATION_COMMENTS = YES;
				CLANG_WARN_EMPTY_BODY = YES;
				CLANG_WARN_ENUM_CONVERSION = YES;
				CLANG_WARN_INFINITE_RECURSION = YES;
				CLANG_WARN_INT_CONVERSION = YES;
				CLANG_WARN_OBJC_ROOT_CLASS = YES_ERROR;
				CLANG_WARN_SUSPICIOUS_MOVE = YES;
				CLANG_WARN_UNREACHABLE_CODE = YES;
				CLANG_WARN__DUPLICATE_METHOD_MATCH = YES;
				"CODE_SIGN_IDENTITY[sdk=iphoneos*]" = "iPhone Developer";
				COPY_PHASE_STRIP = NO;
				DEBUG_INFORMATION_FORMAT = "dwarf-with-dsym";
				ENABLE_NS_ASSERTIONS = NO;
				ENABLE_STRICT_OBJC_MSGSEND = YES;
				GCC_C_LANGUAGE_STANDARD = gnu99;
				GCC_NO_COMMON_BLOCKS = YES;
				GCC_WARN_64_TO_32_BIT_CONVERSION = YES;
				GCC_WARN_ABOUT_RETURN_TYPE = YES_ERROR;
				GCC_WARN_UNDECLARED_SELECTOR = YES;
				GCC_WARN_UNINITIALIZED_AUTOS = YES_AGGRESSIVE;
				GCC_WARN_UNUSED_FUNCTION = YES;
				GCC_WARN_UNUSED_VARIABLE = YES;
				IPHONEOS_DEPLOYMENT_TARGET = 10.2;
				MTL_ENABLE_DEBUG_INFO = NO;
				SDKROOT = iphoneos;
				SWIFT_OPTIMIZATION_LEVEL = "-Owholemodule";
				TARGETED_DEVICE_FAMILY = "1,2";
				VALIDATE_PRODUCT = YES;
			};
			name = Release;
		};
		5E99AE911EADBE2900279742 /* Debug */ = {
			isa = XCBuildConfiguration;
			buildSettings = {
				ASSETCATALOG_COMPILER_APPICON_NAME = AppIcon;
				INFOPLIST_FILE = SwiftMainDemo/Info.plist;
				LD_RUNPATH_SEARCH_PATHS = "$(inherited) @executable_path/Frameworks";
				PRODUCT_BUNDLE_IDENTIFIER = com.nirmalya.SwiftMainDemo;
				PRODUCT_NAME = "$(TARGET_NAME)";
				SWIFT_VERSION = 3.0;
			};
			name = Debug;
		};
		5E99AE921EADBE2900279742 /* Release */ = {
			isa = XCBuildConfiguration;
			buildSettings = {
				ASSETCATALOG_COMPILER_APPICON_NAME = AppIcon;
				INFOPLIST_FILE = SwiftMainDemo/Info.plist;
				LD_RUNPATH_SEARCH_PATHS = "$(inherited) @executable_path/Frameworks";
				PRODUCT_BUNDLE_IDENTIFIER = com.nirmalya.SwiftMainDemo;
				PRODUCT_NAME = "$(TARGET_NAME)";
				SWIFT_VERSION = 3.0;
			};
			name = Release;
		};
		5E99AE941EADBE2900279742 /* Debug */ = {
			isa = XCBuildConfiguration;
			buildSettings = {
				ALWAYS_EMBED_SWIFT_STANDARD_LIBRARIES = YES;
				BUNDLE_LOADER = "$(TEST_HOST)";
				INFOPLIST_FILE = SwiftMainDemoTests/Info.plist;
				LD_RUNPATH_SEARCH_PATHS = "$(inherited) @executable_path/Frameworks @loader_path/Frameworks";
				PRODUCT_BUNDLE_IDENTIFIER = com.nirmalya.SwiftMainDemoTests;
				PRODUCT_NAME = "$(TARGET_NAME)";
				SWIFT_VERSION = 3.0;
				TEST_HOST = "$(BUILT_PRODUCTS_DIR)/SwiftMainDemo.app/SwiftMainDemo";
			};
			name = Debug;
		};
		5E99AE951EADBE2900279742 /* Release */ = {
			isa = XCBuildConfiguration;
			buildSettings = {
				ALWAYS_EMBED_SWIFT_STANDARD_LIBRARIES = YES;
				BUNDLE_LOADER = "$(TEST_HOST)";
				INFOPLIST_FILE = SwiftMainDemoTests/Info.plist;
				LD_RUNPATH_SEARCH_PATHS = "$(inherited) @executable_path/Frameworks @loader_path/Frameworks";
				PRODUCT_BUNDLE_IDENTIFIER = com.nirmalya.SwiftMainDemoTests;
				PRODUCT_NAME = "$(TARGET_NAME)";
				SWIFT_VERSION = 3.0;
				TEST_HOST = "$(BUILT_PRODUCTS_DIR)/SwiftMainDemo.app/SwiftMainDemo";
			};
			name = Release;
		};
		5E99AE971EADBE2900279742 /* Debug */ = {
			isa = XCBuildConfiguration;
			buildSettings = {
				ALWAYS_EMBED_SWIFT_STANDARD_LIBRARIES = YES;
				INFOPLIST_FILE = SwiftMainDemoUITests/Info.plist;
				LD_RUNPATH_SEARCH_PATHS = "$(inherited) @executable_path/Frameworks @loader_path/Frameworks";
				PRODUCT_BUNDLE_IDENTIFIER = com.nirmalya.SwiftMainDemoUITests;
				PRODUCT_NAME = "$(TARGET_NAME)";
				SWIFT_VERSION = 3.0;
				TEST_TARGET_NAME = SwiftMainDemo;
			};
			name = Debug;
		};
		5E99AE981EADBE2900279742 /* Release */ = {
			isa = XCBuildConfiguration;
			buildSettings = {
				ALWAYS_EMBED_SWIFT_STANDARD_LIBRARIES = YES;
				INFOPLIST_FILE = SwiftMainDemoUITests/Info.plist;
				LD_RUNPATH_SEARCH_PATHS = "$(inherited) @executable_path/Frameworks @loader_path/Frameworks";
				PRODUCT_BUNDLE_IDENTIFIER = com.nirmalya.SwiftMainDemoUITests;
				PRODUCT_NAME = "$(TARGET_NAME)";
				SWIFT_VERSION = 3.0;
				TEST_TARGET_NAME = SwiftMainDemo;
			};
			name = Release;
		};
/* End XCBuildConfiguration section */

/* Begin XCConfigurationList section */
		5E99AE631EADBE2700279742 /* Build configuration list for PBXProject "SwiftMainDemo" */ = {
			isa = XCConfigurationList;
			buildConfigurations = (
				5E99AE8E1EADBE2900279742 /* Debug */,
				5E99AE8F1EADBE2900279742 /* Release */,
			);
			defaultConfigurationIsVisible = 0;
			defaultConfigurationName = Release;
		};
		5E99AE901EADBE2900279742 /* Build configuration list for PBXNativeTarget "SwiftMainDemo" */ = {
			isa = XCConfigurationList;
			buildConfigurations = (
				5E99AE911EADBE2900279742 /* Debug */,
				5E99AE921EADBE2900279742 /* Release */,
			);
			defaultConfigurationIsVisible = 0;
			defaultConfigurationName = Release;
		};
		5E99AE931EADBE2900279742 /* Build configuration list for PBXNativeTarget "SwiftMainDemoTests" */ = {
			isa = XCConfigurationList;
			buildConfigurations = (
				5E99AE941EADBE2900279742 /* Debug */,
				5E99AE951EADBE2900279742 /* Release */,
			);
			defaultConfigurationIsVisible = 0;
			defaultConfigurationName = Release;
		};
		5E99AE961EADBE2900279742 /* Build configuration list for PBXNativeTarget "SwiftMainDemoUITests" */ = {
			isa = XCConfigurationList;
			buildConfigurations = (
				5E99AE971EADBE2900279742 /* Debug */,
				5E99AE981EADBE2900279742 /* Release */,
			);
			defaultConfigurationIsVisible = 0;
			defaultConfigurationName = Release;
		};
/* End XCConfigurationList section */
	};
	rootObject = 5E99AE601EADBE2700279742 /* Project object */;
}
